
Microsoft Visual Studio Solution File, Format Version 12.00
# Visual Studio 2017
Project("{FAE04EC0-301F-11D3-BF4B-00C04F79EFBC}") = "Youvisit Lobby Planetarium", "Youvisit Lobby Planetarium.csproj", "{7B24D6E3-3125-54FD-2423-8C04CF104D20}"
EndProject
Project("{FAE04EC0-301F-11D3-BF4B-00C04F79EFBC}") = "Youvisit Lobby Planetarium.Editor", "Youvisit Lobby Planetarium.Editor.csproj", "{1F9C06AA-14DA-93EB-BF6A-F5F48053CB6A}"
EndProject
Global
	GlobalSection(SolutionConfigurationPlatforms) = preSolution
		Debug|Any CPU = Debug|Any CPU
		Release|Any CPU = Release|Any CPU
	EndGlobalSection
	GlobalSection(ProjectConfigurationPlatforms) = postSolution
		{7B24D6E3-3125-54FD-2423-8C04CF104D20}.Debug|Any CPU.ActiveCfg = Debug|Any CPU
		{7B24D6E3-3125-54FD-2423-8C04CF104D20}.Debug|Any CPU.Build.0 = Debug|Any CPU
		{7B24D6E3-3125-54FD-2423-8C04CF104D20}.Release|Any CPU.ActiveCfg = Release|Any CPU
		{7B24D6E3-3125-54FD-2423-8C04CF104D20}.Release|Any CPU.Build.0 = Release|Any CPU
		{1F9C06AA-14DA-93EB-BF6A-F5F48053CB6A}.Debug|Any CPU.ActiveCfg = Debug|Any CPU
		{1F9C06AA-14DA-93EB-BF6A-F5F48053CB6A}.Debug|Any CPU.Build.0 = Debug|Any CPU
		{1F9C06AA-14DA-93EB-BF6A-F5F48053CB6A}.Release|Any CPU.ActiveCfg = Release|Any CPU
		{1F9C06AA-14DA-93EB-BF6A-F5F48053CB6A}.Release|Any CPU.Build.0 = Release|Any CPU
	EndGlobalSection
	GlobalSection(SolutionProperties) = preSolution
		HideSolutionNode = FALSE
	EndGlobalSection
EndGlobal
